
Microsoft Visual Studio Solution File, Format Version 12.00
# Visual Studio Version 16
VisualStudioVersion = 16.0.29709.97
MinimumVisualStudioVersion = 10.0.40219.1
Project("{FAE04EC0-301F-11D3-BF4B-00C04F79EFBC}") = "LocationTracks", "LocationTracks\LocationTracks.csproj", "{8B410217-BBD7-4EEC-BE78-82090567F056}"
EndProject
Global
	GlobalSection(SolutionConfigurationPlatforms) = preSolution
		Debug|Any CPU = Debug|Any CPU
		Release|Any CPU = Release|Any CPU
	EndGlobalSection
	GlobalSection(ProjectConfigurationPlatforms) = postSolution
		{8B410217-BBD7-4EEC-BE78-82090567F056}.Debug|Any CPU.ActiveCfg = Debug|Any CPU
		{8B410217-BBD7-4EEC-BE78-82090567F056}.Debug|Any CPU.Build.0 = Debug|Any CPU
		{8B410217-BBD7-4EEC-BE78-82090567F056}.Release|Any CPU.ActiveCfg = Release|Any CPU
		{8B410217-BBD7-4EEC-BE78-82090567F056}.Release|Any CPU.Build.0 = Release|Any CPU
	EndGlobalSection
	GlobalSection(SolutionProperties) = preSolution
		HideSolutionNode = FALSE
	EndGlobalSection
	GlobalSection(ExtensibilityGlobals) = postSolution
		SolutionGuid = {51CD6BCE-920A-4EA9-861A-C0DD7BA5C270}
	EndGlobalSection
EndGlobal
